
Microsoft Visual Studio Solution File, Format Version 12.00
# Visual Studio Version 17
VisualStudioVersion = 17.4.33213.308
MinimumVisualStudioVersion = 10.0.40219.1
Project("{FAE04EC0-301F-11D3-BF4B-00C04F79EFBC}") = "第三方Url调用", "第三方Url调用.csproj", "{508DDDFC-409B-49DA-BC17-B5C54CCFBF5B}"
EndProject
Global
	GlobalSection(SolutionConfigurationPlatforms) = preSolution
		Debug|Any CPU = Debug|Any CPU
		Release|Any CPU = Release|Any CPU
	EndGlobalSection
	GlobalSection(ProjectConfigurationPlatforms) = postSolution
		{508DDDFC-409B-49DA-BC17-B5C54CCFBF5B}.Debug|Any CPU.ActiveCfg = Debug|Any CPU
		{508DDDFC-409B-49DA-BC17-B5C54CCFBF5B}.Debug|Any CPU.Build.0 = Debug|Any CPU
		{508DDDFC-409B-49DA-BC17-B5C54CCFBF5B}.Release|Any CPU.ActiveCfg = Release|Any CPU
		{508DDDFC-409B-49DA-BC17-B5C54CCFBF5B}.Release|Any CPU.Build.0 = Release|Any CPU
	EndGlobalSection
	GlobalSection(SolutionProperties) = preSolution
		HideSolutionNode = FALSE
	EndGlobalSection
	GlobalSection(ExtensibilityGlobals) = postSolution
		SolutionGuid = {17B03B80-CBB1-46AF-ADB9-3D105030EBCB}
	EndGlobalSection
EndGlobal
