
Microsoft Visual Studio Solution File, Format Version 12.00
# Visual Studio Version 17
VisualStudioVersion = 17.3.32929.385
MinimumVisualStudioVersion = 10.0.40219.1
Project("{FAE04EC0-301F-11D3-BF4B-00C04F79EFBC}") = "设计模式篇001-单例设计模式", "设计模式篇001-单例设计模式.csproj", "{4CA4CB96-E211-4439-B3CE-DA2E2A6BB13A}"
EndProject
Global
	GlobalSection(SolutionConfigurationPlatforms) = preSolution
		Debug|Any CPU = Debug|Any CPU
		Release|Any CPU = Release|Any CPU
	EndGlobalSection
	GlobalSection(ProjectConfigurationPlatforms) = postSolution
		{4CA4CB96-E211-4439-B3CE-DA2E2A6BB13A}.Debug|Any CPU.ActiveCfg = Debug|Any CPU
		{4CA4CB96-E211-4439-B3CE-DA2E2A6BB13A}.Debug|Any CPU.Build.0 = Debug|Any CPU
		{4CA4CB96-E211-4439-B3CE-DA2E2A6BB13A}.Release|Any CPU.ActiveCfg = Release|Any CPU
		{4CA4CB96-E211-4439-B3CE-DA2E2A6BB13A}.Release|Any CPU.Build.0 = Release|Any CPU
	EndGlobalSection
	GlobalSection(SolutionProperties) = preSolution
		HideSolutionNode = FALSE
	EndGlobalSection
	GlobalSection(ExtensibilityGlobals) = postSolution
		SolutionGuid = {5233F149-66DE-41C1-A72E-69FF3C9AB21D}
	EndGlobalSection
EndGlobal
