
Microsoft Visual Studio Solution File, Format Version 12.00
# Visual Studio Version 17
VisualStudioVersion = 17.4.33213.308
MinimumVisualStudioVersion = 10.0.40219.1
Project("{9A19103F-16F7-4668-BE54-9A1E7A4F7556}") = "DI注入", "DI注入.csproj", "{0A6EB102-FEA4-454E-9FDC-5D1994E987AD}"
EndProject
Global
	GlobalSection(SolutionConfigurationPlatforms) = preSolution
		Debug|Any CPU = Debug|Any CPU
		Release|Any CPU = Release|Any CPU
	EndGlobalSection
	GlobalSection(ProjectConfigurationPlatforms) = postSolution
		{0A6EB102-FEA4-454E-9FDC-5D1994E987AD}.Debug|Any CPU.ActiveCfg = Debug|Any CPU
		{0A6EB102-FEA4-454E-9FDC-5D1994E987AD}.Debug|Any CPU.Build.0 = Debug|Any CPU
		{0A6EB102-FEA4-454E-9FDC-5D1994E987AD}.Release|Any CPU.ActiveCfg = Release|Any CPU
		{0A6EB102-FEA4-454E-9FDC-5D1994E987AD}.Release|Any CPU.Build.0 = Release|Any CPU
	EndGlobalSection
	GlobalSection(SolutionProperties) = preSolution
		HideSolutionNode = FALSE
	EndGlobalSection
	GlobalSection(ExtensibilityGlobals) = postSolution
		SolutionGuid = {45A25411-C5C5-44A0-ACB9-59CF5424E806}
	EndGlobalSection
EndGlobal
